
Microsoft Visual Studio Solution File, Format Version 12.00
# Visual Studio Version 17
VisualStudioVersion = 17.5.33627.172
MinimumVisualStudioVersion = 10.0.40219.1
Project("{FAE04EC0-301F-11D3-BF4B-00C04F79EFBC}") = "QIMSchoolPro.Thesis.WebUI", "QIMSchoolPro.Thesis.WebUI\QIMSchoolPro.Thesis.WebUI.csproj", "{DF9C930D-AED1-41B6-9CD9-4E8821933B2A}"
EndProject
Global
	GlobalSection(SolutionConfigurationPlatforms) = preSolution
		Debug|Any CPU = Debug|Any CPU
		Release|Any CPU = Release|Any CPU
	EndGlobalSection
	GlobalSection(ProjectConfigurationPlatforms) = postSolution
		{DF9C930D-AED1-41B6-9CD9-4E8821933B2A}.Debug|Any CPU.ActiveCfg = Debug|Any CPU
		{DF9C930D-AED1-41B6-9CD9-4E8821933B2A}.Debug|Any CPU.Build.0 = Debug|Any CPU
		{DF9C930D-AED1-41B6-9CD9-4E8821933B2A}.Release|Any CPU.ActiveCfg = Release|Any CPU
		{DF9C930D-AED1-41B6-9CD9-4E8821933B2A}.Release|Any CPU.Build.0 = Release|Any CPU
	EndGlobalSection
	GlobalSection(SolutionProperties) = preSolution
		HideSolutionNode = FALSE
	EndGlobalSection
	GlobalSection(ExtensibilityGlobals) = postSolution
		SolutionGuid = {205A5810-569C-456F-A208-24BD3F3DF42E}
	EndGlobalSection
EndGlobal
