
Microsoft Visual Studio Solution File, Format Version 12.00
# Visual Studio Version 17
VisualStudioVersion = 17.5.33627.172
MinimumVisualStudioVersion = 10.0.40219.1
Project("{9A19103F-16F7-4668-BE54-9A1E7A4F7556}") = "QIMSchoolPro.Thesis.AdminUI", "QIMSchoolPro.Thesis.AdminUI\QIMSchoolPro.Thesis.AdminUI.csproj", "{B725683C-B3D8-4608-90C2-7E6196FBCB74}"
EndProject
Project("{9A19103F-16F7-4668-BE54-9A1E7A4F7556}") = "QIMSchoolPro.Thesis.Services", "QIMSchoolPro.Thesis.Services\QIMSchoolPro.Thesis.Services.csproj", "{3EC37242-5889-4EA4-AF13-3997953D1C83}"
EndProject
Global
	GlobalSection(SolutionConfigurationPlatforms) = preSolution
		Debug|Any CPU = Debug|Any CPU
		Release|Any CPU = Release|Any CPU
	EndGlobalSection
	GlobalSection(ProjectConfigurationPlatforms) = postSolution
		{B725683C-B3D8-4608-90C2-7E6196FBCB74}.Debug|Any CPU.ActiveCfg = Debug|Any CPU
		{B725683C-B3D8-4608-90C2-7E6196FBCB74}.Debug|Any CPU.Build.0 = Debug|Any CPU
		{B725683C-B3D8-4608-90C2-7E6196FBCB74}.Release|Any CPU.ActiveCfg = Release|Any CPU
		{B725683C-B3D8-4608-90C2-7E6196FBCB74}.Release|Any CPU.Build.0 = Release|Any CPU
		{3EC37242-5889-4EA4-AF13-3997953D1C83}.Debug|Any CPU.ActiveCfg = Debug|Any CPU
		{3EC37242-5889-4EA4-AF13-3997953D1C83}.Debug|Any CPU.Build.0 = Debug|Any CPU
		{3EC37242-5889-4EA4-AF13-3997953D1C83}.Release|Any CPU.ActiveCfg = Release|Any CPU
		{3EC37242-5889-4EA4-AF13-3997953D1C83}.Release|Any CPU.Build.0 = Release|Any CPU
	EndGlobalSection
	GlobalSection(SolutionProperties) = preSolution
		HideSolutionNode = FALSE
	EndGlobalSection
	GlobalSection(ExtensibilityGlobals) = postSolution
		SolutionGuid = {205A5810-569C-456F-A208-24BD3F3DF42E}
	EndGlobalSection
EndGlobal
